{
  "name": "evelodb",
  "lockfileVersion": 3,
  "requires": true,
  "packages": {
    "": {
      "dependencies": {
        "bson": "^6.10.4",
        "crypto": "^1.0.1",
        "evelodb": "^1.2.5"
      }
    },
    "node_modules/bson": {
      "version": "6.10.4",
      "resolved": "https://registry.npmjs.org/bson/-/bson-6.10.4.tgz",
      "integrity": "sha512-WIsKqkSC0ABoBJuT1LEX+2HEvNmNKKgnTAyd0fL8qzK4SH2i9NXg+t08YtdZp/V9IZ33cxe3iV4yM0qg8lMQng==",
      "license": "Apache-2.0",
      "engines": {
        "node": ">=16.20.1"
      }
    },
    "node_modules/crypto": {
      "version": "1.0.1",
      "resolved": "https://registry.npmjs.org/crypto/-/crypto-1.0.1.tgz",
      "integrity": "sha512-VxBKmeNcqQdiUQUW2Tzq0t377b54N2bMtXO/qiLa+6eRRmmC4qT3D4OnTGoT/U6O9aklQ/jTwbOtRMTTY8G0Ig==",
      "deprecated": "This package is no longer supported. It's now a built-in Node module. If you've depended on crypto, you should switch to the one that's built-in.",
      "license": "ISC"
    },
    "node_modules/evelodb": {
      "version": "1.2.5",
      "resolved": "https://registry.npmjs.org/evelodb/-/evelodb-1.2.5.tgz",
      "integrity": "sha512-qmzGOhnfangr3LDgiPHoWI+g0VmfNxxCxLPgchNULwVk2aGKT+L2i8EDWXvtNWPwJOLMvcCfHH94gv2cf6/B5g==",
      "license": "ISC",
      "dependencies": {
        "bson": "^6.10.4",
        "crypto": "^1.0.1"
      }
    }
  }
}
